
Microsoft Visual Studio Solution File, Format Version 12.00
Project("{FAE04EC0-301F-11D3-BF4B-00C04F79EFBC}") = "TorchInfluxDb", "TorchInfluxDb\TorchInfluxDb.csproj", "{7051E91B-F82C-4104-A5EA-FE4994B00774}"
EndProject
Project("{FAE04EC0-301F-11D3-BF4B-00C04F79EFBC}") = "InfluxDb.Client", "InfluxDb.Client\InfluxDb.Client.csproj", "{918B30B1-4ADC-4E41-B33E-3019361398F7}"
EndProject
Project("{FAE04EC0-301F-11D3-BF4B-00C04F79EFBC}") = "InfluxDb.Test", "InfluxDb.Test\InfluxDb.Test.csproj", "{D4DD8C49-986E-47E8-B91F-53CF1A766000}"
EndProject
Global
	GlobalSection(SolutionConfigurationPlatforms) = preSolution
		Debug|Any CPU = Debug|Any CPU
		Release|Any CPU = Release|Any CPU
	EndGlobalSection
	GlobalSection(ProjectConfigurationPlatforms) = postSolution
		{7051E91B-F82C-4104-A5EA-FE4994B00774}.Debug|Any CPU.ActiveCfg = Debug|Any CPU
		{7051E91B-F82C-4104-A5EA-FE4994B00774}.Debug|Any CPU.Build.0 = Debug|Any CPU
		{7051E91B-F82C-4104-A5EA-FE4994B00774}.Release|Any CPU.ActiveCfg = Release|Any CPU
		{7051E91B-F82C-4104-A5EA-FE4994B00774}.Release|Any CPU.Build.0 = Release|Any CPU
		{918B30B1-4ADC-4E41-B33E-3019361398F7}.Debug|Any CPU.ActiveCfg = Debug|Any CPU
		{918B30B1-4ADC-4E41-B33E-3019361398F7}.Debug|Any CPU.Build.0 = Debug|Any CPU
		{918B30B1-4ADC-4E41-B33E-3019361398F7}.Release|Any CPU.ActiveCfg = Release|Any CPU
		{918B30B1-4ADC-4E41-B33E-3019361398F7}.Release|Any CPU.Build.0 = Release|Any CPU
		{D4DD8C49-986E-47E8-B91F-53CF1A766000}.Debug|Any CPU.ActiveCfg = Debug|Any CPU
		{D4DD8C49-986E-47E8-B91F-53CF1A766000}.Debug|Any CPU.Build.0 = Debug|Any CPU
		{D4DD8C49-986E-47E8-B91F-53CF1A766000}.Release|Any CPU.ActiveCfg = Release|Any CPU
		{D4DD8C49-986E-47E8-B91F-53CF1A766000}.Release|Any CPU.Build.0 = Release|Any CPU
	EndGlobalSection
EndGlobal
